
Microsoft Visual Studio Solution File, Format Version 12.00
# Visual Studio 15
VisualStudioVersion = 15.0.26403.7
MinimumVisualStudioVersion = 10.0.40219.1
Project("{FAE04EC0-301F-11D3-BF4B-00C04F79EFBC}") = "BPtD_Lab2_Client", "BPtD_Lab2_Client\BPtD_Lab2_Client.csproj", "{8665B767-0D77-4130-A98F-44F96539119C}"
EndProject
Global
	GlobalSection(SolutionConfigurationPlatforms) = preSolution
		Debug|Any CPU = Debug|Any CPU
		Release|Any CPU = Release|Any CPU
	EndGlobalSection
	GlobalSection(ProjectConfigurationPlatforms) = postSolution
		{8665B767-0D77-4130-A98F-44F96539119C}.Debug|Any CPU.ActiveCfg = Debug|Any CPU
		{8665B767-0D77-4130-A98F-44F96539119C}.Debug|Any CPU.Build.0 = Debug|Any CPU
		{8665B767-0D77-4130-A98F-44F96539119C}.Release|Any CPU.ActiveCfg = Release|Any CPU
		{8665B767-0D77-4130-A98F-44F96539119C}.Release|Any CPU.Build.0 = Release|Any CPU
	EndGlobalSection
	GlobalSection(SolutionProperties) = preSolution
		HideSolutionNode = FALSE
	EndGlobalSection
EndGlobal
