
Microsoft Visual Studio Solution File, Format Version 12.00
# Visual Studio 15
VisualStudioVersion = 15.0.26403.7
MinimumVisualStudioVersion = 10.0.40219.1
Project("{FAE04EC0-301F-11D3-BF4B-00C04F79EFBC}") = "BPtDLab1", "BPtDLab1\BPtDLab1.csproj", "{B477584A-A29C-4D36-AF60-20C1945C298F}"
EndProject
Project("{FAE04EC0-301F-11D3-BF4B-00C04F79EFBC}") = "DESEncryption", "DESEncryption\DESEncryption.csproj", "{96AD0BB1-2A76-4A1E-93C9-65878A1CC27A}"
EndProject
Global
	GlobalSection(SolutionConfigurationPlatforms) = preSolution
		Debug|Any CPU = Debug|Any CPU
		Release|Any CPU = Release|Any CPU
	EndGlobalSection
	GlobalSection(ProjectConfigurationPlatforms) = postSolution
		{B477584A-A29C-4D36-AF60-20C1945C298F}.Debug|Any CPU.ActiveCfg = Debug|Any CPU
		{B477584A-A29C-4D36-AF60-20C1945C298F}.Debug|Any CPU.Build.0 = Debug|Any CPU
		{B477584A-A29C-4D36-AF60-20C1945C298F}.Release|Any CPU.ActiveCfg = Release|Any CPU
		{B477584A-A29C-4D36-AF60-20C1945C298F}.Release|Any CPU.Build.0 = Release|Any CPU
		{96AD0BB1-2A76-4A1E-93C9-65878A1CC27A}.Debug|Any CPU.ActiveCfg = Debug|Any CPU
		{96AD0BB1-2A76-4A1E-93C9-65878A1CC27A}.Debug|Any CPU.Build.0 = Debug|Any CPU
		{96AD0BB1-2A76-4A1E-93C9-65878A1CC27A}.Release|Any CPU.ActiveCfg = Release|Any CPU
		{96AD0BB1-2A76-4A1E-93C9-65878A1CC27A}.Release|Any CPU.Build.0 = Release|Any CPU
	EndGlobalSection
	GlobalSection(SolutionProperties) = preSolution
		HideSolutionNode = FALSE
	EndGlobalSection
EndGlobal
